
Microsoft Visual Studio Solution File, Format Version 12.00
# Visual Studio Version 17
VisualStudioVersion = 17.5.33424.131
MinimumVisualStudioVersion = 10.0.40219.1
Project("{FAE04EC0-301F-11D3-BF4B-00C04F79EFBC}") = "Conversor_de_moedas", "Conversor_de_moedas.csproj", "{42D742B5-778B-41D2-8580-941E6F37D89A}"
EndProject
Global
	GlobalSection(SolutionConfigurationPlatforms) = preSolution
		Debug|Any CPU = Debug|Any CPU
		Release|Any CPU = Release|Any CPU
	EndGlobalSection
	GlobalSection(ProjectConfigurationPlatforms) = postSolution
		{42D742B5-778B-41D2-8580-941E6F37D89A}.Debug|Any CPU.ActiveCfg = Debug|Any CPU
		{42D742B5-778B-41D2-8580-941E6F37D89A}.Debug|Any CPU.Build.0 = Debug|Any CPU
		{42D742B5-778B-41D2-8580-941E6F37D89A}.Release|Any CPU.ActiveCfg = Release|Any CPU
		{42D742B5-778B-41D2-8580-941E6F37D89A}.Release|Any CPU.Build.0 = Release|Any CPU
	EndGlobalSection
	GlobalSection(SolutionProperties) = preSolution
		HideSolutionNode = FALSE
	EndGlobalSection
	GlobalSection(ExtensibilityGlobals) = postSolution
		SolutionGuid = {4981E5C8-A31A-4B12-A528-FBF7F0DB5397}
	EndGlobalSection
EndGlobal
